{
  "name": "tugas_jquery_amin_farhan",
  "version": "1.0.0",
  "lockfileVersion": 2,
  "requires": true,
  "packages": {
    "": {
      "name": "tugas_jquery_amin_farhan",
      "version": "1.0.0",
      "license": "ISC",
      "dependencies": {
        "tugas_jquery_amin_farhan": "^1.0.0"
      }
    },
    "node_modules/tugas_jquery_amin_farhan": {
      "version": "1.0.0",
      "resolved": "https://registry.npmjs.org/tugas_jquery_amin_farhan/-/tugas_jquery_amin_farhan-1.0.0.tgz",
      "integrity": "sha512-WIC3QfC5BidsH7rfmItgnJfYmu/PKKa3X4SV2WyW89POiAKoXpl5mN/0PkWZB4MuqmOIOU0+kDXLG/n4tycBiQ=="
    }
  },
  "dependencies": {
    "tugas_jquery_amin_farhan": {
      "version": "1.0.0",
      "resolved": "https://registry.npmjs.org/tugas_jquery_amin_farhan/-/tugas_jquery_amin_farhan-1.0.0.tgz",
      "integrity": "sha512-WIC3QfC5BidsH7rfmItgnJfYmu/PKKa3X4SV2WyW89POiAKoXpl5mN/0PkWZB4MuqmOIOU0+kDXLG/n4tycBiQ=="
    }
  }
}
